// !$*UTF8*$!
{
	archiveVersion = 1;
	classes = {
	};
	objectVersion = 50;
	objects = {

/* Begin PBXBuildFile section */
		9ADCC88E2257B8B50092E97B /* AppDelegate.m in Sources */ = {isa = PBXBuildFile; fileRef = 9ADCC88D2257B8B50092E97B /* AppDelegate.m */; };
		9ADCC8912257B8B50092E97B /* ViewController.m in Sources */ = {isa = PBXBuildFile; fileRef = 9ADCC8902257B8B50092E97B /* ViewController.m */; };
		9ADCC8942257B8B50092E97B /* Main.storyboard in Resources */ = {isa = PBXBuildFile; fileRef = 9ADCC8922257B8B50092E97B /* Main.storyboard */; };
		9ADCC8962257B8B90092E97B /* Assets.xcassets in Resources */ = {isa = PBXBuildFile; fileRef = 9ADCC8952257B8B90092E97B /* Assets.xcassets */; };
		9ADCC8992257B8B90092E97B /* LaunchScreen.storyboard in Resources */ = {isa = PBXBuildFile; fileRef = 9ADCC8972257B8B90092E97B /* LaunchScreen.storyboard */; };
		9ADCC89C2257B8B90092E97B /* main.m in Sources */ = {isa = PBXBuildFile; fileRef = 9ADCC89B2257B8B90092E97B /* main.m */; };
/* End PBXBuildFile section */

/* Begin PBXFileReference section */
		9ADCC8892257B8B50092E97B /* TextFieldHideOnScrollView.app */ = {isa = PBXFileReference; explicitFileType = wrapper.application; includeInIndex = 0; path = TextFieldHideOnScrollView.app; sourceTree = BUILT_PRODUCTS_DIR; };
		9ADCC88C2257B8B50092E97B /* AppDelegate.h */ = {isa = PBXFileReference; lastKnownFileType = sourcecode.c.h; path = AppDelegate.h; sourceTree = "<group>"; };
		9ADCC88D2257B8B50092E97B /* AppDelegate.m */ = {isa = PBXFileReference; lastKnownFileType = sourcecode.c.objc; path = AppDelegate.m; sourceTree = "<group>"; };
		9ADCC88F2257B8B50092E97B /* ViewController.h */ = {isa = PBXFileReference; lastKnownFileType = sourcecode.c.h; path = ViewController.h; sourceTree = "<group>"; };
		9ADCC8902257B8B50092E97B /* ViewController.m */ = {isa = PBXFileReference; lastKnownFileType = sourcecode.c.objc; path = ViewController.m; sourceTree = "<group>"; };
		9ADCC8932257B8B50092E97B /* Base */ = {isa = PBXFileReference; lastKnownFileType = file.storyboard; name = Base; path = Base.lproj/Main.storyboard; sourceTree = "<group>"; };
		9ADCC8952257B8B90092E97B /* Assets.xcassets */ = {isa = PBXFileReference; lastKnownFileType = folder.assetcatalog; path = Assets.xcassets; sourceTree = "<group>"; };
		9ADCC8982257B8B90092E97B /* Base */ = {isa = PBXFileReference; lastKnownFileType = file.storyboard; name = Base; path = Base.lproj/LaunchScreen.storyboard; sourceTree = "<group>"; };
		9ADCC89A2257B8B90092E97B /* Info.plist */ = {isa = PBXFileReference; lastKnownFileType = text.plist.xml; path = Info.plist; sourceTree = "<group>"; };
		9ADCC89B2257B8B90092E97B /* main.m */ = {isa = PBXFileReference; lastKnownFileType = sourcecode.c.objc; path = main.m; sourceTree = "<group>"; };
/* End PBXFileReference section */

/* Begin PBXFrameworksBuildPhase section */
		9ADCC8862257B8B50092E97B /* Frameworks */ = {
			isa = PBXFrameworksBuildPhase;
			buildActionMask = 2147483647;
			files = (
			);
			runOnlyForDeploymentPostprocessing = 0;
		};
/* End PBXFrameworksBuildPhase section */

/* Begin PBXGroup section */
		9ADCC8802257B8B50092E97B = {
			isa = PBXGroup;
			children = (
				9ADCC88B2257B8B50092E97B /* TextFieldHideOnScrollView */,
				9ADCC88A2257B8B50092E97B /* Products */,
			);
			sourceTree = "<group>";
		};
		9ADCC88A2257B8B50092E97B /* Products */ = {
			isa = PBXGroup;
			children = (
				9ADCC8892257B8B50092E97B /* TextFieldHideOnScrollView.app */,
			);
			name = Products;
			sourceTree = "<group>";
		};
		9ADCC88B2257B8B50092E97B /* TextFieldHideOnScrollView */ = {
			isa = PBXGroup;
			children = (
				9ADCC88C2257B8B50092E97B /* AppDelegate.h */,
				9ADCC88D2257B8B50092E97B /* AppDelegate.m */,
				9ADCC88F2257B8B50092E97B /* ViewController.h */,
				9ADCC8902257B8B50092E97B /* ViewController.m */,
				9ADCC8922257B8B50092E97B /* Main.storyboard */,
				9ADCC8952257B8B90092E97B /* Assets.xcassets */,
				9ADCC8972257B8B90092E97B /* LaunchScreen.storyboard */,
				9ADCC89A2257B8B90092E97B /* Info.plist */,
				9ADCC89B2257B8B90092E97B /* main.m */,
			);
			path = TextFieldHideOnScrollView;
			sourceTree = "<group>";
		};
/* End PBXGroup section */

/* Begin PBXNativeTarget section */
		9ADCC8882257B8B50092E97B /* TextFieldHideOnScrollView */ = {
			isa = PBXNativeTarget;
			buildConfigurationList = 9ADCC89F2257B8B90092E97B /* Build configuration list for PBXNativeTarget "TextFieldHideOnScrollView" */;
			buildPhases = (
				9ADCC8852257B8B50092E97B /* Sources */,
				9ADCC8862257B8B50092E97B /* Frameworks */,
				9ADCC8872257B8B50092E97B /* Resources */,
			);
			buildRules = (
			);
			dependencies = (
			);
			name = TextFieldHideOnScrollView;
			productName = TextFieldHideOnScrollView;
			productReference = 9ADCC8892257B8B50092E97B /* TextFieldHideOnScrollView.app */;
			productType = "com.apple.product-type.application";
		};
/* End PBXNativeTarget section */

/* Begin PBXProject section */
		9ADCC8812257B8B50092E97B /* Project object */ = {
			isa = PBXProject;
			attributes = {
				LastUpgradeCheck = 1010;
				ORGANIZATIONNAME = "Edison Effect";
				TargetAttributes = {
					9ADCC8882257B8B50092E97B = {
						CreatedOnToolsVersion = 10.1;
					};
				};
			};
			buildConfigurationList = 9ADCC8842257B8B50092E97B /* Build configuration list for PBXProject "TextFieldHideOnScrollView" */;
			compatibilityVersion = "Xcode 9.3";
			developmentRegion = en;
			hasScannedForEncodings = 0;
			knownRegions = (
				en,
				Base,
			);
			mainGroup = 9ADCC8802257B8B50092E97B;
			productRefGroup = 9ADCC88A2257B8B50092E97B /* Products */;
			projectDirPath = "";
			projectRoot = "";
			targets = (
				9ADCC8882257B8B50092E97B /* TextFieldHideOnScrollView */,
			);
		};
/* End PBXProject section */

/* Begin PBXResourcesBuildPhase section */
		9ADCC8872257B8B50092E97B /* Resources */ = {
			isa = PBXResourcesBuildPhase;
			buildActionMask = 2147483647;
			files = (
				9ADCC8992257B8B90092E97B /* LaunchScreen.storyboard in Resources */,
				9ADCC8962257B8B90092E97B /* Assets.xcassets in Resources */,
				9ADCC8942257B8B50092E97B /* Main.storyboard in Resources */,
			);
			runOnlyForDeploymentPostprocessing = 0;
		};
/* End PBXResourcesBuildPhase section */

/* Begin PBXSourcesBuildPhase section */
		9ADCC8852257B8B50092E97B /* Sources */ = {
			isa = PBXSourcesBuildPhase;
			buildActionMask = 2147483647;
			files = (
				9ADCC8912257B8B50092E97B /* ViewController.m in Sources */,
				9ADCC89C2257B8B90092E97B /* main.m in Sources */,
				9ADCC88E2257B8B50092E97B /* AppDelegate.m in Sources */,
			);
			runOnlyForDeploymentPostprocessing = 0;
		};
/* End PBXSourcesBuildPhase section */

/* Begin PBXVariantGroup section */
		9ADCC8922257B8B50092E97B /* Main.storyboard */ = {
			isa = PBXVariantGroup;
			children = (
				9ADCC8932257B8B50092E97B /* Base */,
			);
			name = Main.storyboard;
			sourceTree = "<group>";
		};
		9ADCC8972257B8B90092E97B /* LaunchScreen.storyboard */ = {
			isa = PBXVariantGroup;
			children = (
				9ADCC8982257B8B90092E97B /* Base */,
			);
			name = LaunchScreen.storyboard;
			sourceTree = "<group>";
		};
/* End PBXVariantGroup section */

/* Begin XCBuildConfiguration section */
		9ADCC89D2257B8B90092E97B /* Debug */ = {
			isa = XCBuildConfiguration;
			buildSettings = {
				ALWAYS_SEARCH_USER_PATHS = NO;
				CLANG_ANALYZER_NONNULL = YES;
				CLANG_ANALYZER_NUMBER_OBJECT_CONVERSION = YES_AGGRESSIVE;
				CLANG_CXX_LANGUAGE_STANDARD = "gnu++14";
				CLANG_CXX_LIBRARY = "libc++";
				CLANG_ENABLE_MODULES = YES;
				CLANG_ENABLE_OBJC_ARC = YES;
				CLANG_ENABLE_OBJC_WEAK = YES;
				CLANG_WARN_BLOCK_CAPTURE_AUTORELEASING = YES;
				CLANG_WARN_BOOL_CONVERSION = YES;
				CLANG_WARN_COMMA = YES;
				CLANG_WARN_CONSTANT_CONVERSION = YES;
				CLANG_WARN_DEPRECATED_OBJC_IMPLEMENTATIONS = YES;
				CLANG_WARN_DIRECT_OBJC_ISA_USAGE = YES_ERROR;
				CLANG_WARN_DOCUMENTATION_COMMENTS = YES;
				CLANG_WARN_EMPTY_BODY = YES;
				CLANG_WARN_ENUM_CONVERSION = YES;
				CLANG_WARN_INFINITE_RECURSION = YES;
				CLANG_WARN_INT_CONVERSION = YES;
				CLANG_WARN_NON_LITERAL_NULL_CONVERSION = YES;
				CLANG_WARN_OBJC_IMPLICIT_RETAIN_SELF = YES;
				CLANG_WARN_OBJC_LITERAL_CONVERSION = YES;
				CLANG_WARN_OBJC_ROOT_CLASS = YES_ERROR;
				CLANG_WARN_RANGE_LOOP_ANALYSIS = YES;
				CLANG_WARN_STRICT_PROTOTYPES = YES;
				CLANG_WARN_SUSPICIOUS_MOVE = YES;
				CLANG_WARN_UNGUARDED_AVAILABILITY = YES_AGGRESSIVE;
				CLANG_WARN_UNREACHABLE_CODE = YES;
				CLANG_WARN__DUPLICATE_METHOD_MATCH = YES;
				CODE_SIGN_IDENTITY = "iPhone Developer";
				COPY_PHASE_STRIP = NO;
				DEBUG_INFORMATION_FORMAT = dwarf;
				ENABLE_STRICT_OBJC_MSGSEND = YES;
				ENABLE_TESTABILITY = YES;
				GCC_C_LANGUAGE_STANDARD = gnu11;
				GCC_DYNAMIC_NO_PIC = NO;
				GCC_NO_COMMON_BLOCKS = YES;
				GCC_OPTIMIZATION_LEVEL = 0;
				GCC_PREPROCESSOR_DEFINITIONS = (
					"DEBUG=1",
					"$(inherited)",
				);
				GCC_WARN_64_TO_32_BIT_CONVERSION = YES;
				GCC_WARN_ABOUT_RETURN_TYPE = YES_ERROR;
				GCC_WARN_UNDECLARED_SELECTOR = YES;
				GCC_WARN_UNINITIALIZED_AUTOS = YES_AGGRESSIVE;
				GCC_WARN_UNUSED_FUNCTION = YES;
				GCC_WARN_UNUSED_VARIABLE = YES;
				IPHONEOS_DEPLOYMENT_TARGET = 12.1;
				MTL_ENABLE_DEBUG_INFO = INCLUDE_SOURCE;
				MTL_FAST_MATH = YES;
				ONLY_ACTIVE_ARCH = YES;
				SDKROOT = iphoneos;
			};
			name = Debug;
		};
		9ADCC89E2257B8B90092E97B /* Release */ = {
			isa = XCBuildConfiguration;
			buildSettings = {
				ALWAYS_SEARCH_USER_PATHS = NO;
				CLANG_ANALYZER_NONNULL = YES;
				CLANG_ANALYZER_NUMBER_OBJECT_CONVERSION = YES_AGGRESSIVE;
				CLANG_CXX_LANGUAGE_STANDARD = "gnu++14";
				CLANG_CXX_LIBRARY = "libc++";
				CLANG_ENABLE_MODULES = YES;
				CLANG_ENABLE_OBJC_ARC = YES;
				CLANG_ENABLE_OBJC_WEAK = YES;
				CLANG_WARN_BLOCK_CAPTURE_AUTORELEASING = YES;
				CLANG_WARN_BOOL_CONVERSION = YES;
				CLANG_WARN_COMMA = YES;
				CLANG_WARN_CONSTANT_CONVERSION = YES;
				CLANG_WARN_DEPRECATED_OBJC_IMPLEMENTATIONS = YES;
				CLANG_WARN_DIRECT_OBJC_ISA_USAGE = YES_ERROR;
				CLANG_WARN_DOCUMENTATION_COMMENTS = YES;
				CLANG_WARN_EMPTY_BODY = YES;
				CLANG_WARN_ENUM_CONVERSION = YES;
				CLANG_WARN_INFINITE_RECURSION = YES;
				CLANG_WARN_INT_CONVERSION = YES;
				CLANG_WARN_NON_LITERAL_NULL_CONVERSION = YES;
				CLANG_WARN_OBJC_IMPLICIT_RETAIN_SELF = YES;
				CLANG_WARN_OBJC_LITERAL_CONVERSION = YES;
				CLANG_WARN_OBJC_ROOT_CLASS = YES_ERROR;
				CLANG_WARN_RANGE_LOOP_ANALYSIS = YES;
				CLANG_WARN_STRICT_PROTOTYPES = YES;
				CLANG_WARN_SUSPICIOUS_MOVE = YES;
				CLANG_WARN_UNGUARDED_AVAILABILITY = YES_AGGRESSIVE;
				CLANG_WARN_UNREACHABLE_CODE = YES;
				CLANG_WARN__DUPLICATE_METHOD_MATCH = YES;
				CODE_SIGN_IDENTITY = "iPhone Developer";
				COPY_PHASE_STRIP = NO;
				DEBUG_INFORMATION_FORMAT = "dwarf-with-dsym";
				ENABLE_NS_ASSERTIONS = NO;
				ENABLE_STRICT_OBJC_MSGSEND = YES;
				GCC_C_LANGUAGE_STANDARD = gnu11;
				GCC_NO_COMMON_BLOCKS = YES;
				GCC_WARN_64_TO_32_BIT_CONVERSION = YES;
				GCC_WARN_ABOUT_RETURN_TYPE = YES_ERROR;
				GCC_WARN_UNDECLARED_SELECTOR = YES;
				GCC_WARN_UNINITIALIZED_AUTOS = YES_AGGRESSIVE;
				GCC_WARN_UNUSED_FUNCTION = YES;
				GCC_WARN_UNUSED_VARIABLE = YES;
				IPHONEOS_DEPLOYMENT_TARGET = 12.1;
				MTL_ENABLE_DEBUG_INFO = NO;
				MTL_FAST_MATH = YES;
				SDKROOT = iphoneos;
				VALIDATE_PRODUCT = YES;
			};
			name = Release;
		};
		9ADCC8A02257B8B90092E97B /* Debug */ = {
			isa = XCBuildConfiguration;
			buildSettings = {
				ASSETCATALOG_COMPILER_APPICON_NAME = AppIcon;
				CODE_SIGN_STYLE = Automatic;
				DEVELOPMENT_TEAM = 6JBA37JMQB;
				INFOPLIST_FILE = TextFieldHideOnScrollView/Info.plist;
				LD_RUNPATH_SEARCH_PATHS = (
					"$(inherited)",
					"@executable_path/Frameworks",
				);
				PRODUCT_BUNDLE_IDENTIFIER = com.edisoneffect.TextFieldHideOnScrollView;
				PRODUCT_NAME = "$(TARGET_NAME)";
				TARGETED_DEVICE_FAMILY = "1,2";
			};
			name = Debug;
		};
		9ADCC8A12257B8B90092E97B /* Release */ = {
			isa = XCBuildConfiguration;
			buildSettings = {
				ASSETCATALOG_COMPILER_APPICON_NAME = AppIcon;
				CODE_SIGN_STYLE = Automatic;
				DEVELOPMENT_TEAM = 6JBA37JMQB;
				INFOPLIST_FILE = TextFieldHideOnScrollView/Info.plist;
				LD_RUNPATH_SEARCH_PATHS = (
					"$(inherited)",
					"@executable_path/Frameworks",
				);
				PRODUCT_BUNDLE_IDENTIFIER = com.edisoneffect.TextFieldHideOnScrollView;
				PRODUCT_NAME = "$(TARGET_NAME)";
				TARGETED_DEVICE_FAMILY = "1,2";
			};
			name = Release;
		};
/* End XCBuildConfiguration section */

/* Begin XCConfigurationList section */
		9ADCC8842257B8B50092E97B /* Build configuration list for PBXProject "TextFieldHideOnScrollView" */ = {
			isa = XCConfigurationList;
			buildConfigurations = (
				9ADCC89D2257B8B90092E97B /* Debug */,
				9ADCC89E2257B8B90092E97B /* Release */,
			);
			defaultConfigurationIsVisible = 0;
			defaultConfigurationName = Release;
		};
		9ADCC89F2257B8B90092E97B /* Build configuration list for PBXNativeTarget "TextFieldHideOnScrollView" */ = {
			isa = XCConfigurationList;
			buildConfigurations = (
				9ADCC8A02257B8B90092E97B /* Debug */,
				9ADCC8A12257B8B90092E97B /* Release */,
			);
			defaultConfigurationIsVisible = 0;
			defaultConfigurationName = Release;
		};
/* End XCConfigurationList section */
	};
	rootObject = 9ADCC8812257B8B50092E97B /* Project object */;
}
